{
  "lockfileVersion": 1,
  "configVersion": 0,
  "workspaces": {
    "": {
      "dependencies": {
        "@opencode-ai/plugin": "1.2.5",
      },
    },
  },
  "packages": {
    "@opencode-ai/plugin": ["@opencode-ai/plugin@1.2.5", "", { "dependencies": { "@opencode-ai/sdk": "1.2.5", "zod": "4.1.8" } }, "sha512-mZACBKyMMhH87K6HtiigbauLKjK7ooZPVaZTnRs492ldAXhiSfqk28Z8hGYNzhpwpHjkU6Ws8LOJRwOemDVQYg=="],

    "@opencode-ai/sdk": ["@opencode-ai/sdk@1.2.5", "", {}, "sha512-oFw08QNupBWuszpLa4HMRf/T+fDVqu8lbYSiqevdFTSH8Zih2cw/vPqLhjHgE6rPOSXyhvg46WivfSO7eNIpPw=="],

    "zod": ["zod@4.1.8", "", {}, "sha512-5R1P+WwQqmmMIEACyzSvo4JXHY5WiAFHRMg+zBZKgKS+Q1viRa0C1hmUKtHltoIFKtIdki3pRxkmpP74jnNYHQ=="],
  }
}
